lockfileVersion: '9.0'

settings:
  autoInstallPeers: true
  excludeLinksFromLockfile: false

importers:

  .:
    dependencies:
      '@google/generative-ai':
        specifier: ^0.24.1
        version: 0.24.1

packages:

  '@google/generative-ai@0.24.1':
    resolution: {integrity: sha512-D1fh9C/8vw/gqU82KZJA3DwJiQzCTRcDpWdsDx+mfLpOYcnhYXxAY2X0dVIVx2JRFN5N4BwGBrW6p2Cy8jRjIw==}
    engines: {node: '>=16.0.0'}

  '@types/node@>=18':
    resolution: {integrity: sha512-nxAkRSVkN1Y0JC1W8ky/fTfkGsMmcrRsbx+3XoZE+rMOX71kLYTV7fLXpqud1GpbpP5TuffXFqfX7fH2GgZREw==}

snapshots:

  '@google/generative-ai@0.24.1': {}
